// !$*UTF8*$!
{
	archiveVersion = 1;
	classes = {
	};
	objectVersion = 46;
	objects = {
		5E618435888B9D49F8540165 = {
			buildActionMask = 2147483647;
			files = (
				);
			isa = PBXShellScriptBuildPhase;
			runOnlyForDeploymentPostprocessing = 0;
			name = "Qt Qmake";
			shellPath = "/bin/sh";
			shellScript = "make -C /Users/digilent/git/digilent/digilent-agent -f qt_makeqmake.mak";
			showEnvVarsInLog = "0";
		};
		41CE8CA4D7A78B6D0328D1E9 = {
			isa = PBXFileReference;
			path = "/Users/digilent/git/digilent/digilent-agent/src/httpServer/core/httpglobal.cpp";
			name = "httpglobal.cpp";
			sourceTree = "<absolute>";
			lastKnownFileType = "sourcecode.cpp.cpp";
		};
		FA32AC68A3592F811DBE534D = {
			fileRef = "41CE8CA4D7A78B6D0328D1E9";
			isa = PBXBuildFile;
			settings = {
				ATTRIBUTES = (
					);
			};
		};
		2824DB778FC12BB785C2AA1D = {
			isa = PBXFileReference;
			path = "/Users/digilent/git/digilent/digilent-agent/src/httpServer/core/httplistener.cpp";
			name = "httplistener.cpp";
			sourceTree = "<absolute>";
			lastKnownFileType = "sourcecode.cpp.cpp";
		};
		34814A7E772AA0CC5686FD2F = {
			fileRef = "2824DB778FC12BB785C2AA1D";
			isa = PBXBuildFile;
			settings = {
				ATTRIBUTES = (
					);
			};
		};
		B9BC93171A3A79B37E648A1C = {
			isa = PBXFileReference;
			path = "/Users/digilent/git/digilent/digilent-agent/src/httpServer/core/httpconnectionhandler.cpp";
			name = "httpconnectionhandler.cpp";
			sourceTree = "<absolute>";
			lastKnownFileType = "sourcecode.cpp.cpp";
		};
		C5129B804AF8B4DF83882C54 = {
			fileRef = "B9BC93171A3A79B37E648A1C";
			isa = PBXBuildFile;
			settings = {
				ATTRIBUTES = (
					);
			};
		};
		5A7D8AA0940FE962E1660E1A = {
			isa = PBXFileReference;
			path = "/Users/digilent/git/digilent/digilent-agent/src/httpServer/core/httpconnectionhandlerpool.cpp";
			name = "httpconnectionhandlerpool.cpp";
			sourceTree = "<absolute>";
			lastKnownFileType = "sourcecode.cpp.cpp";
		};
		763100D45FBDDAC98213F3CE = {
			fileRef = "5A7D8AA0940FE962E1660E1A";
			isa = PBXBuildFile;
			settings = {
				ATTRIBUTES = (
					);
			};
		};
		612392A14B2B4BA0A072EF75 = {
			isa = PBXFileReference;
			path = "/Users/digilent/git/digilent/digilent-agent/src/httpServer/core/httprequest.cpp";
			name = "httprequest.cpp";
			sourceTree = "<absolute>";
			lastKnownFileType = "sourcecode.cpp.cpp";
		};
		A20D8D78805CC2D42F9EA8E5 = {
			fileRef = "612392A14B2B4BA0A072EF75";
			isa = PBXBuildFile;
			settings = {
				ATTRIBUTES = (
					);
			};
		};
		82D641101E4C3F061B92BB39 = {
			isa = PBXFileReference;
			path = "/Users/digilent/git/digilent/digilent-agent/src/httpServer/core/httpresponse.cpp";
			name = "httpresponse.cpp";
			sourceTree = "<absolute>";
			lastKnownFileType = "sourcecode.cpp.cpp";
		};
		1911C402432A4D6C849AE32C = {
			fileRef = "82D641101E4C3F061B92BB39";
			isa = PBXBuildFile;
			settings = {
				ATTRIBUTES = (
					);
			};
		};
		AE7211E97AC915AD0D88C5D0 = {
			isa = PBXFileReference;
			path = "/Users/digilent/git/digilent/digilent-agent/src/httpServer/core/httpcookie.cpp";
			name = "httpcookie.cpp";
			sourceTree = "<absolute>";
			lastKnownFileType = "sourcecode.cpp.cpp";
		};
		EAF623F0B20FA141486F6E26 = {
			fileRef = "AE7211E97AC915AD0D88C5D0";
			isa = PBXBuildFile;
			settings = {
				ATTRIBUTES = (
					);
			};
		};
		DECE90E792DE47F8811933D8 = {
			isa = PBXFileReference;
			path = "/Users/digilent/git/digilent/digilent-agent/src/httpServer/core/httprequesthandler.cpp";
			name = "httprequesthandler.cpp";
			sourceTree = "<absolute>";
			lastKnownFileType = "sourcecode.cpp.cpp";
		};
		94B9DCDB25FC7ED60A6F3B5F = {
			fileRef = "DECE90E792DE47F8811933D8";
			isa = PBXBuildFile;
			settings = {
				ATTRIBUTES = (
					);
			};
		};
		4C38DFADF9A0D31281C69C48 = {
			isa = PBXFileReference;
			path = "/Users/digilent/git/digilent/digilent-agent/src/httpServer/core/httpsession.cpp";
			name = "httpsession.cpp";
			sourceTree = "<absolute>";
			lastKnownFileType = "sourcecode.cpp.cpp";
		};
		601C4252075A1EC4626B8BC5 = {
			fileRef = "4C38DFADF9A0D31281C69C48";
			isa = PBXBuildFile;
			settings = {
				ATTRIBUTES = (
					);
			};
		};
		ECC1861234E9FE0B8007870B = {
			isa = PBXFileReference;
			path = "/Users/digilent/git/digilent/digilent-agent/src/httpServer/core/httpsessionstore.cpp";
			name = "httpsessionstore.cpp";
			sourceTree = "<absolute>";
			lastKnownFileType = "sourcecode.cpp.cpp";
		};
		CEE6158F43B4C408B907B268 = {
			fileRef = "ECC1861234E9FE0B8007870B";
			isa = PBXBuildFile;
			settings = {
				ATTRIBUTES = (
					);
			};
		};
		298408812EED5BAFCBE6E6DF = {
			isa = PBXFileReference;
			path = "/Users/digilent/git/digilent/digilent-agent/src/httpServer/core/staticfilecontroller.cpp";
			name = "staticfilecontroller.cpp";
			sourceTree = "<absolute>";
			lastKnownFileType = "sourcecode.cpp.cpp";
		};
		1EC283D8C0C5CF108B9A86E0 = {
			fileRef = "298408812EED5BAFCBE6E6DF";
			isa = PBXBuildFile;
			settings = {
				ATTRIBUTES = (
					);
			};
		};
		A45D5F8365AE837F36E70F37 = {
			isa = PBXFileReference;
			path = "/Users/digilent/git/digilent/digilent-agent/src/httpServer/httpRouter.cpp";
			name = "httpRouter.cpp";
			sourceTree = "<absolute>";
			lastKnownFileType = "sourcecode.cpp.cpp";
		};
		9E6E0FE931B8AF8D895D73BB = {
			fileRef = "A45D5F8365AE837F36E70F37";
			isa = PBXBuildFile;
			settings = {
				ATTRIBUTES = (
					);
			};
		};
		A44B9CDD3D87537AF856EA80 = {
			isa = PBXFileReference;
			path = "/Users/digilent/git/digilent/digilent-agent/src/main.cpp";
			name = "main.cpp";
			sourceTree = "<absolute>";
			lastKnownFileType = "sourcecode.cpp.cpp";
		};
		B0CA407AD5892824248F2EAB = {
			fileRef = "A44B9CDD3D87537AF856EA80";
			isa = PBXBuildFile;
			settings = {
				ATTRIBUTES = (
					);
			};
		};
		F6E67EA27CD67DFB64AB9E4A = {
			isa = PBXFileReference;
			path = "/Users/digilent/git/digilent/digilent-agent/src/httpServer/debugController.cpp";
			name = "debugController.cpp";
			sourceTree = "<absolute>";
			lastKnownFileType = "sourcecode.cpp.cpp";
		};
		787DEAFBF23E7DCB58FA00E3 = {
			fileRef = "F6E67EA27CD67DFB64AB9E4A";
			isa = PBXBuildFile;
			settings = {
				ATTRIBUTES = (
					);
			};
		};
		674C1085B5728D243BA28B94 = {
			isa = PBXFileReference;
			path = "/Users/digilent/git/digilent/digilent-agent/src/mainWindow.cpp";
			name = "mainWindow.cpp";
			sourceTree = "<absolute>";
			lastKnownFileType = "sourcecode.cpp.cpp";
		};
		26F5E5508117527E51E752AC = {
			fileRef = "674C1085B5728D243BA28B94";
			isa = PBXBuildFile;
			settings = {
				ATTRIBUTES = (
					);
			};
		};
		C32E5B48E5BBF876043B010D = {
			isa = PBXFileReference;
			path = "/Users/digilent/git/digilent/digilent-agent/src/core/comboBoxEventFilter.cpp";
			name = "comboBoxEventFilter.cpp";
			sourceTree = "<absolute>";
			lastKnownFileType = "sourcecode.cpp.cpp";
		};
		C39FBE1CE805ED7C27CEDE85 = {
			fileRef = "C32E5B48E5BBF876043B010D";
			isa = PBXBuildFile;
			settings = {
				ATTRIBUTES = (
					);
			};
		};
		0BF418156E5A6220C5A5F8F9 = {
			isa = PBXFileReference;
			path = "/Users/digilent/git/digilent/digilent-agent/src/httpServer/agentConfigCtrl.cpp";
			name = "agentConfigCtrl.cpp";
			sourceTree = "<absolute>";
			lastKnownFileType = "sourcecode.cpp.cpp";
		};
		CCFBCCBAF5EA6D89B04A34D1 = {
			fileRef = "0BF418156E5A6220C5A5F8F9";
			isa = PBXBuildFile;
			settings = {
				ATTRIBUTES = (
					);
			};
		};
		7FB32F9EA805E104B5AD19B1 = {
			isa = PBXFileReference;
			path = "/Users/digilent/git/digilent/digilent-agent/src/core/agent.cpp";
			name = "agent.cpp";
			sourceTree = "<absolute>";
			lastKnownFileType = "sourcecode.cpp.cpp";
		};
		F0200406F49C71EE80ACFCAE = {
			fileRef = "7FB32F9EA805E104B5AD19B1";
			isa = PBXBuildFile;
			settings = {
				ATTRIBUTES = (
					);
			};
		};
		7B21FAB092B0380868A98487 = {
			isa = PBXFileReference;
			path = "/Users/digilent/git/digilent/digilent-agent/src/wflDevice/wflDevice.cpp";
			name = "wflDevice.cpp";
			sourceTree = "<absolute>";
			lastKnownFileType = "sourcecode.cpp.cpp";
		};
		2C1E6B9FCC44B2F6D543A77A = {
			fileRef = "7B21FAB092B0380868A98487";
			isa = PBXBuildFile;
			settings = {
				ATTRIBUTES = (
					);
			};
		};
		EC57546CAEDEBE6A1904A46F = {
			isa = PBXFileReference;
			path = "/Users/digilent/git/digilent/digilent-agent/src/core/utils/runGuard.cpp";
			name = "runGuard.cpp";
			sourceTree = "<absolute>";
			lastKnownFileType = "sourcecode.cpp.cpp";
		};
		C512FED2BFBE253CC7905497 = {
			fileRef = "EC57546CAEDEBE6A1904A46F";
			isa = PBXBuildFile;
			settings = {
				ATTRIBUTES = (
					);
			};
		};
		96BED6B306FEF6D5EF23E9D9 = {
			isa = PBXFileReference;
			path = "/Users/digilent/git/digilent/digilent-agent/lib/digilent/qtSerial/serial.cpp";
			name = "serial.cpp";
			sourceTree = "<absolute>";
			lastKnownFileType = "sourcecode.cpp.cpp";
		};
		AF5FBDA285FE0154714AED36 = {
			fileRef = "96BED6B306FEF6D5EF23E9D9";
			isa = PBXBuildFile;
			settings = {
				ATTRIBUTES = (
					);
			};
		};
		91918846480D6484514A5B3C = {
			isa = PBXFileReference;
			path = "/Users/digilent/git/digilent/digilent-agent/src/wflDevice/wflSerialDevice.cpp";
			name = "wflSerialDevice.cpp";
			sourceTree = "<absolute>";
			lastKnownFileType = "sourcecode.cpp.cpp";
		};
		9B68AE797F7CA39AB59F111B = {
			fileRef = "91918846480D6484514A5B3C";
			isa = PBXBuildFile;
			settings = {
				ATTRIBUTES = (
					);
			};
		};
		044727A3049949557548444A = {
			isa = PBXFileReference;
			path = "/Users/digilent/git/digilent/digilent-agent/lib/digilent/pgm/digilentPgm.cpp";
			name = "digilentPgm.cpp";
			sourceTree = "<absolute>";
			lastKnownFileType = "sourcecode.cpp.cpp";
		};
		6EF7A7F88B755470C81EC8CF = {
			fileRef = "044727A3049949557548444A";
			isa = PBXBuildFile;
			settings = {
				ATTRIBUTES = (
					);
			};
		};
		E3D8DF82C544BDA9D052F010 = {
			isa = PBXFileReference;
			path = "/Users/digilent/git/digilent/digilent-agent/lib/digilent/pgm/pgmBlock.cpp";
			name = "pgmBlock.cpp";
			sourceTree = "<absolute>";
			lastKnownFileType = "sourcecode.cpp.cpp";
		};
		F8D6D7CD6F1CD2E6BD0B07D3 = {
			fileRef = "E3D8DF82C544BDA9D052F010";
			isa = PBXBuildFile;
			settings = {
				ATTRIBUTES = (
					);
			};
		};
		9E75CBAA69273AC5283C579E = {
			isa = PBXFileReference;
			path = "/Users/digilent/git/digilent/digilent-agent/lib/digilent/qtHttp/httpClient.cpp";
			name = "httpClient.cpp";
			sourceTree = "<absolute>";
			lastKnownFileType = "sourcecode.cpp.cpp";
		};
		413381AA6A3025022C14CEB6 = {
			fileRef = "9E75CBAA69273AC5283C579E";
			isa = PBXBuildFile;
			settings = {
				ATTRIBUTES = (
					);
			};
		};
		23CDAE1E2D83CB869E09BAEE = {
			isa = PBXFileReference;
			path = "/Users/digilent/git/digilent/digilent-agent/images/icon.icns";
			name = "icon.icns";
			sourceTree = "<absolute>";
		};
		DE2AD6442F6F9DA4CABD8284 = {
			fileRef = "23CDAE1E2D83CB869E09BAEE";
			isa = PBXBuildFile;
			settings = {
				ATTRIBUTES = (
					);
			};
		};
		871CE2BB969EF89DFD76F5D2 = {
			isa = PBXFileReference;
			path = "/Users/digilent/git/digilent/digilent-agent/qrc_mainWindow.cpp";
			name = "qrc_mainWindow.cpp";
			sourceTree = "<absolute>";
			lastKnownFileType = "sourcecode.cpp.cpp";
		};
		C48B4E7724B4FA4BDA57F5A4 = {
			fileRef = "871CE2BB969EF89DFD76F5D2";
			isa = PBXBuildFile;
			settings = {
				ATTRIBUTES = (
					);
			};
		};
		F3B9957B88CD7516294F78A4 = {
			isa = PBXFileReference;
			path = "/Users/digilent/git/digilent/digilent-agent/moc_httplistener.cpp";
			name = "moc_httplistener.cpp";
			sourceTree = "<absolute>";
			lastKnownFileType = "sourcecode.cpp.cpp";
		};
		417506F188E96AD16168048E = {
			fileRef = "F3B9957B88CD7516294F78A4";
			isa = PBXBuildFile;
			settings = {
				ATTRIBUTES = (
					);
			};
		};
		989C05ABF903C70E02677504 = {
			isa = PBXFileReference;
			path = "/Users/digilent/git/digilent/digilent-agent/moc_httpconnectionhandler.cpp";
			name = "moc_httpconnectionhandler.cpp";
			sourceTree = "<absolute>";
			lastKnownFileType = "sourcecode.cpp.cpp";
		};
		197F6595D85C5D31610B5811 = {
			fileRef = "989C05ABF903C70E02677504";
			isa = PBXBuildFile;
			settings = {
				ATTRIBUTES = (
					);
			};
		};
		4B970C3CDB28B426B50E43F0 = {
			isa = PBXFileReference;
			path = "/Users/digilent/git/digilent/digilent-agent/moc_httpconnectionhandlerpool.cpp";
			name = "moc_httpconnectionhandlerpool.cpp";
			sourceTree = "<absolute>";
			lastKnownFileType = "sourcecode.cpp.cpp";
		};
		BA383D40A882A7548C7D1AA6 = {
			fileRef = "4B970C3CDB28B426B50E43F0";
			isa = PBXBuildFile;
			settings = {
				ATTRIBUTES = (
					);
			};
		};
		0E3CABDB4351BA2761155BF5 = {
			isa = PBXFileReference;
			path = "/Users/digilent/git/digilent/digilent-agent/moc_httprequesthandler.cpp";
			name = "moc_httprequesthandler.cpp";
			sourceTree = "<absolute>";
			lastKnownFileType = "sourcecode.cpp.cpp";
		};
		ABFACE234236EB94B5281FB3 = {
			fileRef = "0E3CABDB4351BA2761155BF5";
			isa = PBXBuildFile;
			settings = {
				ATTRIBUTES = (
					);
			};
		};
		A708756C4CCE161BFCBC6208 = {
			isa = PBXFileReference;
			path = "/Users/digilent/git/digilent/digilent-agent/moc_httpsessionstore.cpp";
			name = "moc_httpsessionstore.cpp";
			sourceTree = "<absolute>";
			lastKnownFileType = "sourcecode.cpp.cpp";
		};
		B287D65002FF546C1CFB88C4 = {
			fileRef = "A708756C4CCE161BFCBC6208";
			isa = PBXBuildFile;
			settings = {
				ATTRIBUTES = (
					);
			};
		};
		69FD0CE5BF9C5A774C0CDBB3 = {
			isa = PBXFileReference;
			path = "/Users/digilent/git/digilent/digilent-agent/moc_staticfilecontroller.cpp";
			name = "moc_staticfilecontroller.cpp";
			sourceTree = "<absolute>";
			lastKnownFileType = "sourcecode.cpp.cpp";
		};
		8984664B51C49AB5D2243BD0 = {
			fileRef = "69FD0CE5BF9C5A774C0CDBB3";
			isa = PBXBuildFile;
			settings = {
				ATTRIBUTES = (
					);
			};
		};
		C5667553635A8A24F1AA8379 = {
			isa = PBXFileReference;
			path = "/Users/digilent/git/digilent/digilent-agent/moc_httpRouter.cpp";
			name = "moc_httpRouter.cpp";
			sourceTree = "<absolute>";
			lastKnownFileType = "sourcecode.cpp.cpp";
		};
		1D12E93B72B1DF2AAA55BF37 = {
			fileRef = "C5667553635A8A24F1AA8379";
			isa = PBXBuildFile;
			settings = {
				ATTRIBUTES = (
					);
			};
		};
		49E3F54FB0F999EDAFE9CB04 = {
			isa = PBXFileReference;
			path = "/Users/digilent/git/digilent/digilent-agent/moc_mainWindow.cpp";
			name = "moc_mainWindow.cpp";
			sourceTree = "<absolute>";
			lastKnownFileType = "sourcecode.cpp.cpp";
		};
		44A86DE97F72A3E12F0680B0 = {
			fileRef = "49E3F54FB0F999EDAFE9CB04";
			isa = PBXBuildFile;
			settings = {
				ATTRIBUTES = (
					);
			};
		};
		B9F765EDF8E7AAE799AA2345 = {
			isa = PBXFileReference;
			path = "/Users/digilent/git/digilent/digilent-agent/moc_comboBoxEventFilter.cpp";
			name = "moc_comboBoxEventFilter.cpp";
			sourceTree = "<absolute>";
			lastKnownFileType = "sourcecode.cpp.cpp";
		};
		0F3B3B69CB06622620E6FB77 = {
			fileRef = "B9F765EDF8E7AAE799AA2345";
			isa = PBXBuildFile;
			settings = {
				ATTRIBUTES = (
					);
			};
		};
		C17BBE3AA8DB67793E94E9F0 = {
			isa = PBXFileReference;
			path = "/Users/digilent/git/digilent/digilent-agent/moc_agentConfigCtrl.cpp";
			name = "moc_agentConfigCtrl.cpp";
			sourceTree = "<absolute>";
			lastKnownFileType = "sourcecode.cpp.cpp";
		};
		0857EF4C72586BB65983DA37 = {
			fileRef = "C17BBE3AA8DB67793E94E9F0";
			isa = PBXBuildFile;
			settings = {
				ATTRIBUTES = (
					);
			};
		};
		422EEEC64422362DED6BC9EE = {
			isa = PBXFileReference;
			path = "/Users/digilent/git/digilent/digilent-agent/moc_debugController.cpp";
			name = "moc_debugController.cpp";
			sourceTree = "<absolute>";
			lastKnownFileType = "sourcecode.cpp.cpp";
		};
		56366849F6CFCF3974C1AD78 = {
			fileRef = "422EEEC64422362DED6BC9EE";
			isa = PBXBuildFile;
			settings = {
				ATTRIBUTES = (
					);
			};
		};
		B115A681C91AEB810EA136D5 = {
			isa = PBXFileReference;
			path = "/Users/digilent/git/digilent/digilent-agent/moc_agent.cpp";
			name = "moc_agent.cpp";
			sourceTree = "<absolute>";
			lastKnownFileType = "sourcecode.cpp.cpp";
		};
		66F110BC2886F7BEFAF66C1E = {
			fileRef = "B115A681C91AEB810EA136D5";
			isa = PBXBuildFile;
			settings = {
				ATTRIBUTES = (
					);
			};
		};
		51ACC528B24A5AC690B6C868 = {
			isa = PBXFileReference;
			path = "/Users/digilent/git/digilent/digilent-agent/moc_wflDevice.cpp";
			name = "moc_wflDevice.cpp";
			sourceTree = "<absolute>";
			lastKnownFileType = "sourcecode.cpp.cpp";
		};
		51E7DF884A6EC2C93B69FB15 = {
			fileRef = "51ACC528B24A5AC690B6C868";
			isa = PBXBuildFile;
			settings = {
				ATTRIBUTES = (
					);
			};
		};
		59B9ACAA9FCF5C0A8F8AA0B2 = {
			isa = PBXFileReference;
			path = "/Users/digilent/git/digilent/digilent-agent/moc_serial.cpp";
			name = "moc_serial.cpp";
			sourceTree = "<absolute>";
			lastKnownFileType = "sourcecode.cpp.cpp";
		};
		CE72C74AE6D9B582AE9788AF = {
			fileRef = "59B9ACAA9FCF5C0A8F8AA0B2";
			isa = PBXBuildFile;
			settings = {
				ATTRIBUTES = (
					);
			};
		};
		FC7E57541848E49B46DDC544 = {
			isa = PBXFileReference;
			path = "/Users/digilent/git/digilent/digilent-agent/moc_wflSerialDevice.cpp";
			name = "moc_wflSerialDevice.cpp";
			sourceTree = "<absolute>";
			lastKnownFileType = "sourcecode.cpp.cpp";
		};
		D8D580285D6671B32D1377F6 = {
			fileRef = "FC7E57541848E49B46DDC544";
			isa = PBXBuildFile;
			settings = {
				ATTRIBUTES = (
					);
			};
		};
		89A37B28C211F9226A99BB66 = {
			isa = PBXFileReference;
			path = "/Users/digilent/git/digilent/digilent-agent/moc_httpClient.cpp";
			name = "moc_httpClient.cpp";
			sourceTree = "<absolute>";
			lastKnownFileType = "sourcecode.cpp.cpp";
		};
		E58CC54E8EF9F0AF104484FD = {
			fileRef = "89A37B28C211F9226A99BB66";
			isa = PBXBuildFile;
			settings = {
				ATTRIBUTES = (
					);
			};
		};
		D6647088CA2E3C2673B0018B = {
			isa = PBXFileReference;
			path = "/Users/digilent/git/digilent/digilent-agent/ui_mainWindow.h";
			name = "ui_mainWindow.h";
			sourceTree = "<absolute>";
			lastKnownFileType = "sourcecode.c.h";
		};
		1943C84AC619299F69F45178 = {
			isa = PBXFileReference;
			path = "/Users/digilent/git/digilent/digilent-agent/src/httpServer/core/httpglobal.h";
			name = "httpglobal.h";
			sourceTree = "<absolute>";
			lastKnownFileType = "sourcecode.c.h";
		};
		ECED3DCF6F5A753DB8F078FF = {
			isa = PBXFileReference;
			path = "/Users/digilent/git/digilent/digilent-agent/src/httpServer/core/httplistener.h";
			name = "httplistener.h";
			sourceTree = "<absolute>";
			lastKnownFileType = "sourcecode.c.h";
		};
		F8D61D26FE9DCF854143FE44 = {
			isa = PBXFileReference;
			path = "/Users/digilent/git/digilent/digilent-agent/src/httpServer/core/httpconnectionhandler.h";
			name = "httpconnectionhandler.h";
			sourceTree = "<absolute>";
			lastKnownFileType = "sourcecode.c.h";
		};
		164FB084E5BAC503E6DF6E45 = {
			isa = PBXFileReference;
			path = "/Users/digilent/git/digilent/digilent-agent/src/httpServer/core/httpconnectionhandlerpool.h";
			name = "httpconnectionhandlerpool.h";
			sourceTree = "<absolute>";
			lastKnownFileType = "sourcecode.c.h";
		};
		067B604D703F788355CC301D = {
			isa = PBXFileReference;
			path = "/Users/digilent/git/digilent/digilent-agent/src/httpServer/core/httprequest.h";
			name = "httprequest.h";
			sourceTree = "<absolute>";
			lastKnownFileType = "sourcecode.c.h";
		};
		3D56F85375BFF5A2CDF93BA0 = {
			isa = PBXFileReference;
			path = "/Users/digilent/git/digilent/digilent-agent/src/httpServer/core/httpresponse.h";
			name = "httpresponse.h";
			sourceTree = "<absolute>";
			lastKnownFileType = "sourcecode.c.h";
		};
		95E5675201776018E41BFA42 = {
			isa = PBXFileReference;
			path = "/Users/digilent/git/digilent/digilent-agent/src/httpServer/core/httpcookie.h";
			name = "httpcookie.h";
			sourceTree = "<absolute>";
			lastKnownFileType = "sourcecode.c.h";
		};
		0B6E6EBF3B05DAFEBDF3744A = {
			isa = PBXFileReference;
			path = "/Users/digilent/git/digilent/digilent-agent/src/httpServer/core/httprequesthandler.h";
			name = "httprequesthandler.h";
			sourceTree = "<absolute>";
			lastKnownFileType = "sourcecode.c.h";
		};
		07F85E46DBA9F79C8FB8F16A = {
			isa = PBXFileReference;
			path = "/Users/digilent/git/digilent/digilent-agent/src/httpServer/core/httpsession.h";
			name = "httpsession.h";
			sourceTree = "<absolute>";
			lastKnownFileType = "sourcecode.c.h";
		};
		FA3ACF816478F2BF40ED0023 = {
			isa = PBXFileReference;
			path = "/Users/digilent/git/digilent/digilent-agent/src/httpServer/core/httpsessionstore.h";
			name = "httpsessionstore.h";
			sourceTree = "<absolute>";
			lastKnownFileType = "sourcecode.c.h";
		};
		39410DF89488140C45EAC4E2 = {
			isa = PBXFileReference;
			path = "/Users/digilent/git/digilent/digilent-agent/src/httpServer/core/staticfilecontroller.h";
			name = "staticfilecontroller.h";
			sourceTree = "<absolute>";
			lastKnownFileType = "sourcecode.c.h";
		};
		5BDBF7E8FDFBE19821ACADDA = {
			isa = PBXFileReference;
			path = "/Users/digilent/git/digilent/digilent-agent/src/httpServer/httpRouter.h";
			name = "httpRouter.h";
			sourceTree = "<absolute>";
			lastKnownFileType = "sourcecode.c.h";
		};
		5A9FDC160135DCFD2521F199 = {
			isa = PBXFileReference;
			path = "/Users/digilent/git/digilent/digilent-agent/src/mainWindow.h";
			name = "mainWindow.h";
			sourceTree = "<absolute>";
			lastKnownFileType = "sourcecode.c.h";
		};
		806A8F7356478D21EA11A122 = {
			isa = PBXFileReference;
			path = "/Users/digilent/git/digilent/digilent-agent/src/core/comboBoxEventFilter.h";
			name = "comboBoxEventFilter.h";
			sourceTree = "<absolute>";
			lastKnownFileType = "sourcecode.c.h";
		};
		7A96D654CED34EDBE8DE7BA3 = {
			isa = PBXFileReference;
			path = "/Users/digilent/git/digilent/digilent-agent/src/httpServer/agentConfigCtrl.h";
			name = "agentConfigCtrl.h";
			sourceTree = "<absolute>";
			lastKnownFileType = "sourcecode.c.h";
		};
		B81920B01126D15BB7F9835B = {
			isa = PBXFileReference;
			path = "/Users/digilent/git/digilent/digilent-agent/src/httpServer/debugController.h";
			name = "debugController.h";
			sourceTree = "<absolute>";
			lastKnownFileType = "sourcecode.c.h";
		};
		A4DB77DCC71249EC1CAA1617 = {
			isa = PBXFileReference;
			path = "/Users/digilent/git/digilent/digilent-agent/src/core/agent.h";
			name = "agent.h";
			sourceTree = "<absolute>";
			lastKnownFileType = "sourcecode.c.h";
		};
		05864C189BC69888A6CCA498 = {
			isa = PBXFileReference;
			path = "/Users/digilent/git/digilent/digilent-agent/src/wflDevice/wflDevice.h";
			name = "wflDevice.h";
			sourceTree = "<absolute>";
			lastKnownFileType = "sourcecode.c.h";
		};
		1AEBFC8BAA855A320BA172B0 = {
			isa = PBXFileReference;
			path = "/Users/digilent/git/digilent/digilent-agent/src/core/utils/runGuard.h";
			name = "runGuard.h";
			sourceTree = "<absolute>";
			lastKnownFileType = "sourcecode.c.h";
		};
		3995B3FBC0A8148AB7D09FCD = {
			isa = PBXFileReference;
			path = "/Users/digilent/git/digilent/digilent-agent/lib/digilent/qtSerial/serial.h";
			name = "serial.h";
			sourceTree = "<absolute>";
			lastKnownFileType = "sourcecode.c.h";
		};
		BA9DBF8F10729D8668B8AC66 = {
			isa = PBXFileReference;
			path = "/Users/digilent/git/digilent/digilent-agent/src/wflDevice/wflSerialDevice.h";
			name = "wflSerialDevice.h";
			sourceTree = "<absolute>";
			lastKnownFileType = "sourcecode.c.h";
		};
		DB56B76B2BEA23F9BF1C56E0 = {
			isa = PBXFileReference;
			path = "/Users/digilent/git/digilent/digilent-agent/lib/digilent/pgm/digilentPgm.h";
			name = "digilentPgm.h";
			sourceTree = "<absolute>";
			lastKnownFileType = "sourcecode.c.h";
		};
		4EB0DC821B2FFDFDF34FF308 = {
			isa = PBXFileReference;
			path = "/Users/digilent/git/digilent/digilent-agent/lib/digilent/pgm/pgmBlock.h";
			name = "pgmBlock.h";
			sourceTree = "<absolute>";
			lastKnownFileType = "sourcecode.c.h";
		};
		3E16D4D750974301398B1EB7 = {
			isa = PBXFileReference;
			path = "/Users/digilent/git/digilent/digilent-agent/lib/digilent/qtHttp/httpClient.h";
			name = "httpClient.h";
			sourceTree = "<absolute>";
			lastKnownFileType = "sourcecode.c.h";
		};
		61D038E10CE8D9743B36C91D = {
			isa = PBXFileReference;
			path = "/Users/digilent/git/digilent/digilent-agent/digilent-agent.pro";
			name = "digilent-agent.pro";
			sourceTree = "<absolute>";
			lastKnownFileType = "text";
		};
		BC588CE8F17C823768485BE6 = {
			isa = PBXFileReference;
			path = "/Users/digilent/git/digilent/digilent-agent/.qmake.stash";
			name = ".qmake.stash";
			sourceTree = "<absolute>";
		};
		C34E7A4D7431649872310C11 = {
			isa = PBXFileReference;
			path = "/Users/digilent/git/digilent/digilent-agent/src/httpServer/core/httpserver.pri";
			name = "httpserver.pri";
			sourceTree = "<absolute>";
		};
		DCE6A3B42BD5A1EC84658F1A = {
			isa = PBXFileReference;
			path = "/Users/digilent/git/digilent/digilent-agent/mainWindow.qrc";
			name = "mainWindow.qrc";
			sourceTree = "<absolute>";
			lastKnownFileType = "text";
		};
		DCE6A3B42BD5A1EC84658F1A = {
			isa = PBXFileReference;
			path = "/Users/digilent/git/digilent/digilent-agent/mainWindow.qrc";
			name = "mainWindow.qrc";
			sourceTree = "<absolute>";
			lastKnownFileType = "text";
		};
		62FB0A1EFE8B9501CFC3109A = {
			fileRef = "DCE6A3B42BD5A1EC84658F1A";
			isa = PBXBuildFile;
			settings = {
				ATTRIBUTES = (
					);
			};
		};
		5031642BF7B0FFE475722899 = {
			isa = PBXFileReference;
			path = "/usr/local/Cellar/qt/5.9.0_1/mkspecs/features/data/dummy.cpp";
			name = "dummy.cpp";
			sourceTree = "<absolute>";
			lastKnownFileType = "sourcecode.cpp.cpp";
		};
		A2039440718F72BEEEF490D0 = {
			fileRef = "5031642BF7B0FFE475722899";
			isa = PBXBuildFile;
			settings = {
				ATTRIBUTES = (
					);
			};
		};
		D04D6538120A54382FA3C050 = {
			isa = PBXFileReference;
			path = "/Users/digilent/git/digilent/digilent-agent/mainWindow.ui";
			name = "mainWindow.ui";
			sourceTree = "<absolute>";
		};
		2C3FAC50D35BE82C4297C7AE = {
			fileRef = "D04D6538120A54382FA3C050";
			isa = PBXBuildFile;
			settings = {
				ATTRIBUTES = (
					);
			};
		};
		25B08E2869634E9BCBA333A2 = {
			isa = PBXGroup;
			children = (
				"871CE2BB969EF89DFD76F5D2",
				"F3B9957B88CD7516294F78A4",
				"989C05ABF903C70E02677504",
				"4B970C3CDB28B426B50E43F0",
				"0E3CABDB4351BA2761155BF5",
				"A708756C4CCE161BFCBC6208",
				"69FD0CE5BF9C5A774C0CDBB3",
				"C5667553635A8A24F1AA8379",
				"49E3F54FB0F999EDAFE9CB04",
				"B9F765EDF8E7AAE799AA2345",
				"C17BBE3AA8DB67793E94E9F0",
				"422EEEC64422362DED6BC9EE",
				"B115A681C91AEB810EA136D5",
				"51ACC528B24A5AC690B6C868",
				"59B9ACAA9FCF5C0A8F8AA0B2",
				"FC7E57541848E49B46DDC544",
				"89A37B28C211F9226A99BB66",
				"D6647088CA2E3C2673B0018B");
			name = "Generated Sources";
			sourceTree = "<group>";
		};
		994CFA67844055A0579A5E73 = {
			isa = PBXGroup;
			children = (
				"23CDAE1E2D83CB869E09BAEE");
			name = "images";
			sourceTree = "<group>";
		};
		EF049EB271DF86565E788F11 = {
			isa = PBXGroup;
			children = (
				"A5B4C6580EA7BA631896EFE9");
			name = "lib";
			sourceTree = "<group>";
		};
		A5B4C6580EA7BA631896EFE9 = {
			isa = PBXGroup;
			children = (
				"04C51D20F0DC8390F16B5BFF",
				"68B83E3654153EA7628DDC44",
				"C09277C53BAA4F3D9A113C4E");
			name = "digilent";
			sourceTree = "<group>";
		};
		68B83E3654153EA7628DDC44 = {
			isa = PBXGroup;
			children = (
				"044727A3049949557548444A",
				"E3D8DF82C544BDA9D052F010",
				"DB56B76B2BEA23F9BF1C56E0",
				"4EB0DC821B2FFDFDF34FF308");
			name = "pgm";
			sourceTree = "<group>";
		};
		C09277C53BAA4F3D9A113C4E = {
			isa = PBXGroup;
			children = (
				"9E75CBAA69273AC5283C579E",
				"3E16D4D750974301398B1EB7");
			name = "qtHttp";
			sourceTree = "<group>";
		};
		04C51D20F0DC8390F16B5BFF = {
			isa = PBXGroup;
			children = (
				"96BED6B306FEF6D5EF23E9D9",
				"3995B3FBC0A8148AB7D09FCD");
			name = "qtSerial";
			sourceTree = "<group>";
		};
		921315FAA7F261D737F4F4C7 = {
			isa = PBXGroup;
			children = (
				"379485B6E23F5FACDC4093CD",
				"A44B9CDD3D87537AF856EA80",
				"674C1085B5728D243BA28B94",
				"E62C659644C6E75254031504",
				"7C757A3E54D18BEE5F7FF0D3",
				"5A9FDC160135DCFD2521F199");
			name = "src";
			sourceTree = "<group>";
		};
		E62C659644C6E75254031504 = {
			isa = PBXGroup;
			children = (
				"C32E5B48E5BBF876043B010D",
				"7FB32F9EA805E104B5AD19B1",
				"D695A1D489A580318BD17A2C",
				"806A8F7356478D21EA11A122",
				"A4DB77DCC71249EC1CAA1617");
			name = "core";
			sourceTree = "<group>";
		};
		D695A1D489A580318BD17A2C = {
			isa = PBXGroup;
			children = (
				"EC57546CAEDEBE6A1904A46F",
				"1AEBFC8BAA855A320BA172B0");
			name = "utils";
			sourceTree = "<group>";
		};
		379485B6E23F5FACDC4093CD = {
			isa = PBXGroup;
			children = (
				"5DA110E8FFE6D2E367C58146",
				"A45D5F8365AE837F36E70F37",
				"F6E67EA27CD67DFB64AB9E4A",
				"0BF418156E5A6220C5A5F8F9",
				"5BDBF7E8FDFBE19821ACADDA",
				"7A96D654CED34EDBE8DE7BA3",
				"B81920B01126D15BB7F9835B");
			name = "httpServer";
			sourceTree = "<group>";
		};
		5DA110E8FFE6D2E367C58146 = {
			isa = PBXGroup;
			children = (
				"41CE8CA4D7A78B6D0328D1E9",
				"2824DB778FC12BB785C2AA1D",
				"B9BC93171A3A79B37E648A1C",
				"5A7D8AA0940FE962E1660E1A",
				"612392A14B2B4BA0A072EF75",
				"82D641101E4C3F061B92BB39",
				"AE7211E97AC915AD0D88C5D0",
				"DECE90E792DE47F8811933D8",
				"4C38DFADF9A0D31281C69C48",
				"ECC1861234E9FE0B8007870B",
				"298408812EED5BAFCBE6E6DF",
				"1943C84AC619299F69F45178",
				"ECED3DCF6F5A753DB8F078FF",
				"F8D61D26FE9DCF854143FE44",
				"164FB084E5BAC503E6DF6E45",
				"067B604D703F788355CC301D",
				"3D56F85375BFF5A2CDF93BA0",
				"95E5675201776018E41BFA42",
				"0B6E6EBF3B05DAFEBDF3744A",
				"07F85E46DBA9F79C8FB8F16A",
				"FA3ACF816478F2BF40ED0023",
				"39410DF89488140C45EAC4E2");
			name = "core";
			sourceTree = "<group>";
		};
		7C757A3E54D18BEE5F7FF0D3 = {
			isa = PBXGroup;
			children = (
				"7B21FAB092B0380868A98487",
				"91918846480D6484514A5B3C",
				"05864C189BC69888A6CCA498",
				"BA9DBF8F10729D8668B8AC66");
			name = "wflDevice";
			sourceTree = "<group>";
		};
		3A971A0629DC6FCCC39F91E6 = {
			isa = PBXGroup;
			children = (
				"7B40671FCFB6DA67B0E9D030");
			name = "src";
			sourceTree = "<group>";
		};
		7B40671FCFB6DA67B0E9D030 = {
			isa = PBXGroup;
			children = (
				"07E163206FEB6FB900D11BE9");
			name = "httpServer";
			sourceTree = "<group>";
		};
		07E163206FEB6FB900D11BE9 = {
			isa = PBXGroup;
			children = (
				"C34E7A4D7431649872310C11");
			name = "core";
			sourceTree = "<group>";
		};
		87DF60DE337FB58864343E39 = {
			isa = PBXGroup;
			children = (
				"DCE6A3B42BD5A1EC84658F1A");
			name = "Resources";
			sourceTree = "<group>";
		};
		2EB56BE3C2D93CDAB0C52E67 = {
			isa = PBXGroup;
			children = (
				"921315FAA7F261D737F4F4C7",
				"EF049EB271DF86565E788F11",
				"994CFA67844055A0579A5E73");
			name = "Sources";
			sourceTree = "<group>";
		};
		B8254625CFD509ED2A24A166 = {
			isa = PBXGroup;
			children = (
				"5031642BF7B0FFE475722899");
			name = "Sources [moc_predefs]";
			sourceTree = "<group>";
		};
		12E908B8A1C3C07C115504F5 = {
			isa = PBXGroup;
			children = (
				"D04D6538120A54382FA3C050");
			name = "Sources [uic]";
			sourceTree = "<group>";
		};
		74B182DB50CB5611B5C1C297 = {
			isa = PBXGroup;
			children = (
				"61D038E10CE8D9743B36C91D",
				"BC588CE8F17C823768485BE6",
				"3A971A0629DC6FCCC39F91E6",
				"DCE6A3B42BD5A1EC84658F1A");
			name = "Supporting Files";
			sourceTree = "<group>";
		};
		7EF0942E79C014DCEC8976BC = {
			buildActionMask = 2147483647;
			files = (
				);
			isa = PBXShellScriptBuildPhase;
			runOnlyForDeploymentPostprocessing = 0;
			name = "Qt Preprocessors";
			shellPath = "/bin/sh";
			shellScript = "make -C /Users/digilent/git/digilent/digilent-agent -f qt_preprocess.mak";
			showEnvVarsInLog = "0";
		};
		F7E50F631C51CD5B5DC0BC43 = {
			buildActionMask = 2147483647;
			files = (
				"FA32AC68A3592F811DBE534D",
				"34814A7E772AA0CC5686FD2F",
				"C5129B804AF8B4DF83882C54",
				"763100D45FBDDAC98213F3CE",
				"A20D8D78805CC2D42F9EA8E5",
				"1911C402432A4D6C849AE32C",
				"EAF623F0B20FA141486F6E26",
				"94B9DCDB25FC7ED60A6F3B5F",
				"601C4252075A1EC4626B8BC5",
				"CEE6158F43B4C408B907B268",
				"1EC283D8C0C5CF108B9A86E0",
				"9E6E0FE931B8AF8D895D73BB",
				"B0CA407AD5892824248F2EAB",
				"787DEAFBF23E7DCB58FA00E3",
				"26F5E5508117527E51E752AC",
				"C39FBE1CE805ED7C27CEDE85",
				"CCFBCCBAF5EA6D89B04A34D1",
				"F0200406F49C71EE80ACFCAE",
				"2C1E6B9FCC44B2F6D543A77A",
				"C512FED2BFBE253CC7905497",
				"AF5FBDA285FE0154714AED36",
				"9B68AE797F7CA39AB59F111B",
				"6EF7A7F88B755470C81EC8CF",
				"F8D6D7CD6F1CD2E6BD0B07D3",
				"413381AA6A3025022C14CEB6",
				"C48B4E7724B4FA4BDA57F5A4",
				"417506F188E96AD16168048E",
				"197F6595D85C5D31610B5811",
				"BA383D40A882A7548C7D1AA6",
				"ABFACE234236EB94B5281FB3",
				"B287D65002FF546C1CFB88C4",
				"8984664B51C49AB5D2243BD0",
				"1D12E93B72B1DF2AAA55BF37",
				"44A86DE97F72A3E12F0680B0",
				"0F3B3B69CB06622620E6FB77",
				"0857EF4C72586BB65983DA37",
				"56366849F6CFCF3974C1AD78",
				"66F110BC2886F7BEFAF66C1E",
				"51E7DF884A6EC2C93B69FB15",
				"CE72C74AE6D9B582AE9788AF",
				"D8D580285D6671B32D1377F6",
				"E58CC54E8EF9F0AF104484FD",
				"A2039440718F72BEEEF490D0");
			isa = PBXSourcesBuildPhase;
			runOnlyForDeploymentPostprocessing = 0;
			name = "Compile Sources";
		};
		94A99F5932E4835A100856DA = {
			isa = PBXFileReference;
			name = "QtWidgets.framework";
			path = "/usr/local/Cellar/qt/5.9.0_1/lib/QtWidgets.framework";
			refType = 0;
			sourceTree = "<absolute>";
			lastKnownFileType = "wrapper.framework";
		};
		6EA92C70282BE3C2BCB8CEA8 = {
			fileRef = "94A99F5932E4835A100856DA";
			isa = PBXBuildFile;
			settings = {
			};
		};
		04CFD37C57592B0DBAFF43D0 = {
			isa = PBXFileReference;
			name = "QtGui.framework";
			path = "/usr/local/Cellar/qt/5.9.0_1/lib/QtGui.framework";
			refType = 0;
			sourceTree = "<absolute>";
			lastKnownFileType = "wrapper.framework";
		};
		3A0A651F01F513A94875697D = {
			fileRef = "04CFD37C57592B0DBAFF43D0";
			isa = PBXBuildFile;
			settings = {
			};
		};
		BB21CF17DC20AF6A262E3328 = {
			isa = PBXFileReference;
			name = "QtCore.framework";
			path = "/usr/local/Cellar/qt/5.9.0_1/lib/QtCore.framework";
			refType = 0;
			sourceTree = "<absolute>";
			lastKnownFileType = "wrapper.framework";
		};
		51BAF77D5BB40277EC3128B2 = {
			fileRef = "BB21CF17DC20AF6A262E3328";
			isa = PBXBuildFile;
			settings = {
			};
		};
		2B774D8E4178765CE52EAAF5 = {
			isa = PBXFileReference;
			name = "DiskArbitration.framework";
			path = "/System/Library/Frameworks/DiskArbitration.framework";
			refType = 0;
			sourceTree = "<absolute>";
			lastKnownFileType = "wrapper.framework";
		};
		A99B2AA0F9CBBDD12BA126A4 = {
			fileRef = "2B774D8E4178765CE52EAAF5";
			isa = PBXBuildFile;
			settings = {
			};
		};
		A1A67BEAA744704B29168D39 = {
			isa = PBXFileReference;
			name = "IOKit.framework";
			path = "/System/Library/Frameworks/IOKit.framework";
			refType = 0;
			sourceTree = "<absolute>";
			lastKnownFileType = "wrapper.framework";
		};
		8D267F2E4776F0ECA2F49DC8 = {
			fileRef = "A1A67BEAA744704B29168D39";
			isa = PBXBuildFile;
			settings = {
			};
		};
		4FDEC8D0EFEAB4A7F9BCC815 = {
			isa = PBXFileReference;
			name = "QtNetwork.framework";
			path = "/usr/local/Cellar/qt/5.9.0_1/lib/QtNetwork.framework";
			refType = 0;
			sourceTree = "<absolute>";
			lastKnownFileType = "wrapper.framework";
		};
		5A6A637DF98F8897BE3AC30D = {
			fileRef = "4FDEC8D0EFEAB4A7F9BCC815";
			isa = PBXBuildFile;
			settings = {
			};
		};
		EFC74256700C299EC1745341 = {
			isa = PBXFileReference;
			name = "QtSerialPort.framework";
			path = "/usr/local/Cellar/qt/5.9.0_1/lib/QtSerialPort.framework";
			refType = 0;
			sourceTree = "<absolute>";
			lastKnownFileType = "wrapper.framework";
		};
		A23D902BD3E64D59A82F3AF5 = {
			fileRef = "EFC74256700C299EC1745341";
			isa = PBXBuildFile;
			settings = {
			};
		};
		9DE6580F67EF618F998E33F2 = {
			isa = PBXFileReference;
			name = "QtConcurrent.framework";
			path = "/usr/local/Cellar/qt/5.9.0_1/lib/QtConcurrent.framework";
			refType = 0;
			sourceTree = "<absolute>";
			lastKnownFileType = "wrapper.framework";
		};
		15269E8CC98B6991CDEDAD65 = {
			fileRef = "9DE6580F67EF618F998E33F2";
			isa = PBXBuildFile;
			settings = {
			};
		};
		D4B32C2222F82AC56BADEB21 = {
			isa = PBXFileReference;
			name = "OpenGL.framework";
			path = "/System/Library/Frameworks/OpenGL.framework";
			refType = 0;
			sourceTree = "<absolute>";
			lastKnownFileType = "wrapper.framework";
		};
		8771A8C96E9C391044035D99 = {
			fileRef = "D4B32C2222F82AC56BADEB21";
			isa = PBXBuildFile;
			settings = {
			};
		};
		8D9815BDB5BD9F90D2BC05C5 = {
			isa = PBXFileReference;
			name = "AGL.framework";
			path = "/System/Library/Frameworks/AGL.framework";
			refType = 0;
			sourceTree = "<absolute>";
			lastKnownFileType = "wrapper.framework";
		};
		E45E51A644D5FC9F942ECE55 = {
			fileRef = "8D9815BDB5BD9F90D2BC05C5";
			isa = PBXBuildFile;
			settings = {
			};
		};
		AF39DD055C3EF8226FBE929D = {
			children = (
				"94A99F5932E4835A100856DA",
				"04CFD37C57592B0DBAFF43D0",
				"BB21CF17DC20AF6A262E3328",
				"2B774D8E4178765CE52EAAF5",
				"A1A67BEAA744704B29168D39",
				"4FDEC8D0EFEAB4A7F9BCC815",
				"EFC74256700C299EC1745341",
				"9DE6580F67EF618F998E33F2",
				"D4B32C2222F82AC56BADEB21",
				"8D9815BDB5BD9F90D2BC05C5");
			isa = PBXGroup;
			name = "Frameworks";
			sourceTree = "<group>";
		};
		D1C883685E82D5676953459A = {
			buildActionMask = 2147483647;
			files = (
				"6EA92C70282BE3C2BCB8CEA8",
				"3A0A651F01F513A94875697D",
				"51BAF77D5BB40277EC3128B2",
				"A99B2AA0F9CBBDD12BA126A4",
				"8D267F2E4776F0ECA2F49DC8",
				"5A6A637DF98F8897BE3AC30D",
				"A23D902BD3E64D59A82F3AF5",
				"15269E8CC98B6991CDEDAD65",
				"8771A8C96E9C391044035D99",
				"E45E51A644D5FC9F942ECE55");
			isa = PBXFrameworksBuildPhase;
			runOnlyForDeploymentPostprocessing = 0;
			name = "Link Binary With Libraries";
		};
		30414803F31797EB689AE508 = {
			buildActionMask = 2147483647;
			files = (
				"6A0BA41E7DB0A21C65914259");
			isa = PBXResourcesBuildPhase;
			runOnlyForDeploymentPostprocessing = 0;
			name = "Copy Bundle Resources";
		};
		99542592E9780B9225F24AA8 = {
			isa = PBXCopyFilesBuildPhase;
			buildActionMask = 2147483647;
			dstPath = "";
			dstSubfolderSpec = 10;
			files = (
				);
			name = "Embed Frameworks";
			runOnlyForDeploymentPostprocessing = 0;
		};
		AD611CC2B33B6FEDA36FEC60 = {
			isa = PBXFileReference;
			includeInIndex = 0;
			explicitFileType = "wrapper.application";
			path = "digilent-agent.app";
			sourceTree = BUILT_PRODUCTS_DIR;
		};
		FE0A091FDBFB3E9C31B7A1BD = {
			children = (
				"AD611CC2B33B6FEDA36FEC60");
			isa = PBXGroup;
			name = "Products";
			sourceTree = "<group>";
		};
		E8C543AB96796ECAA2E65C57 = {
			children = (
				"2EB56BE3C2D93CDAB0C52E67",
				"25B08E2869634E9BCBA333A2",
				"74B182DB50CB5611B5C1C297",
				"87DF60DE337FB58864343E39",
				"B8254625CFD509ED2A24A166",
				"12E908B8A1C3C07C115504F5",
				"AF39DD055C3EF8226FBE929D",
				"FE0A091FDBFB3E9C31B7A1BD");
			isa = PBXGroup;
			name = "digilent-agent";
			sourceTree = "<group>";
		};
		E8EB20CA39C16F7BA878E277 = {
			buildPhases = (
				"5E618435888B9D49F8540165",
				"7EF0942E79C014DCEC8976BC");
			dependencies = (
				);
			buildConfigurationList = 6CC3B5D2136C7CD6A5CF5A59;
			isa = PBXAggregateTarget;
			buildRules = (
);
			productName = "Qt Preprocess";
			name = "Qt Preprocess";
		};
		3A1DB8AF981554C468EA54E6 = {
			isa = PBXTargetDependency;
			target = "E8EB20CA39C16F7BA878E277";
		};
		88C8743FF51F6CBF4293B8C1 = {
			buildPhases = (
				"F7E50F631C51CD5B5DC0BC43",
				"D1C883685E82D5676953459A",
				"30414803F31797EB689AE508",
				"99542592E9780B9225F24AA8");
			dependencies = (
				"3A1DB8AF981554C468EA54E6");
			productReference = "AD611CC2B33B6FEDA36FEC60";
			buildConfigurationList = 6CC3B5D2136C7CD6A5CF5A59;
			isa = PBXNativeTarget;
			buildRules = (
);
			productType = "com.apple.product-type.application";
			name = "digilent-agent";
			productName = "digilent-agent";
		};
		3AA6C32AC930069E80220CF1 = {
			isa = XCBuildConfiguration;
			buildSettings = {
				APPLICATION_EXTENSION_API_ONLY = "NO";
				"ARCHS[sdk=macosx*]" = "x86_64";
				COPY_PHASE_STRIP = "NO";
				DEVELOPMENT_TEAM = "3GQCL4AKGN";
				ENABLE_BITCODE = "NO";
				GCC_GENERATE_DEBUGGING_SYMBOLS = "YES";
				GCC_OPTIMIZATION_LEVEL = "0";
				ONLY_ACTIVE_ARCH = "YES";
				PRODUCT_NAME = "digilent-agent";
				QT_LIBRARY_SUFFIX = "";
				SDKROOT = "macosx";
				GCC_VERSION = com.apple.compilers.llvm.clang.1_0;
				CC = "/Applications/Xcode.app/Contents/Developer/Toolchains/XcodeDefault.xctoolchain/usr/bin/clang";
				LDPLUSPLUS = "/Applications/Xcode.app/Contents/Developer/Toolchains/XcodeDefault.xctoolchain/usr/bin/clang++";
				INFOPLIST_FILE = "Info.plist";
				SYMROOT = "/Users/digilent/git/digilent/digilent-agent";
				DYLIB_CURRENT_VERSION = "1.0.0";
				DYLIB_COMPATIBILITY_VERSION = "1.0";
				MACOSX_DEPLOYMENT_TARGET = "10.10";
				HEADER_SEARCH_PATHS = (
					".",
					"src/httpServer/core",
					"/usr/local/Cellar/qt/5.9.0_1/lib/QtWidgets.framework/Headers",
					"/usr/local/Cellar/qt/5.9.0_1/lib/QtGui.framework/Headers",
					"/usr/local/Cellar/qt/5.9.0_1/lib/QtNetwork.framework/Headers",
					"/usr/local/Cellar/qt/5.9.0_1/lib/QtSerialPort.framework/Headers",
					"/usr/local/Cellar/qt/5.9.0_1/lib/QtConcurrent.framework/Headers",
					"/usr/local/Cellar/qt/5.9.0_1/lib/QtCore.framework/Headers",
					".",
					"/Applications/Xcode.app/Contents/Developer/Platforms/MacOSX.platform/Developer/SDKs/MacOSX10.12.sdk/System/Library/Frameworks/OpenGL.framework/Headers",
					"/Applications/Xcode.app/Contents/Developer/Platforms/MacOSX.platform/Developer/SDKs/MacOSX10.12.sdk/System/Library/Frameworks/AGL.framework/Headers",
					".",
					"/usr/local/Cellar/qt/5.9.0_1/mkspecs/macx-clang");
				LIBRARY_SEARCH_PATHS = (
					"/usr/local/Cellar/qt/5.9.0_1/lib",
					"/System/Library/Frameworks/");
				FRAMEWORK_SEARCH_PATHS = (
					"/usr/local/Cellar/qt/5.9.0_1/lib",
					"/usr/local/Cellar/qt/5.9.0_1/lib");
				OTHER_CFLAGS = (
					"-pipe",
					"-O2",
					"-Wall",
					"-W",
					"-fPIC",
					"-DQT_NO_DEBUG",
					"-DQT_WIDGETS_LIB",
					"-DQT_GUI_LIB",
					"-DQT_NETWORK_LIB",
					"-DQT_SERIALPORT_LIB",
					"-DQT_CONCURRENT_LIB",
					"-DQT_CORE_LIB");
				OTHER_CPLUSPLUSFLAGS = (
					"-pipe",
					"-stdlib=libc++",
					"-O2",
					"-std=gnu++11",
					"-Wall",
					"-W",
					"-fPIC",
					"-DQT_NO_DEBUG",
					"-DQT_WIDGETS_LIB",
					"-DQT_GUI_LIB",
					"-DQT_NETWORK_LIB",
					"-DQT_SERIALPORT_LIB",
					"-DQT_CONCURRENT_LIB",
					"-DQT_CORE_LIB");
				OTHER_LDFLAGS = (
						"-stdlib=libc++",
						"-headerpad_max_install_names",
						"-Wl,-rpath,@executable_path/Frameworks",
						"-F/usr/local/Cellar/qt/5.9.0_1/lib");
				ARCHS = "x86_64";
			};
			name = "Debug";
		};
		77418F46922677BB04ED38DD = {
			isa = XCBuildConfiguration;
			buildSettings = {
				APPLICATION_EXTENSION_API_ONLY = "NO";
				"ARCHS[sdk=macosx*]" = "x86_64";
				COPY_PHASE_STRIP = "NO";
				DEVELOPMENT_TEAM = "3GQCL4AKGN";
				ENABLE_BITCODE = "NO";
				GCC_GENERATE_DEBUGGING_SYMBOLS = "YES";
				GCC_OPTIMIZATION_LEVEL = "0";
				ONLY_ACTIVE_ARCH = "YES";
				PRODUCT_NAME = "digilent-agent";
				QT_LIBRARY_SUFFIX = "";
				SDKROOT = "macosx";
				PRODUCT_NAME = "digilent-agent";
			};
			name = "Debug";
		};
		339EE1B2CC4FC24589A0EA95 = {
			isa = XCBuildConfiguration;
			buildSettings = {
				APPLICATION_EXTENSION_API_ONLY = "NO";
				"ARCHS[sdk=macosx*]" = "x86_64";
				COPY_PHASE_STRIP = "YES";
				DEVELOPMENT_TEAM = "3GQCL4AKGN";
				ENABLE_BITCODE = "NO";
				GCC_GENERATE_DEBUGGING_SYMBOLS = "NO";
				PRODUCT_NAME = "digilent-agent";
				QT_LIBRARY_SUFFIX = "";
				SDKROOT = "macosx";
				GCC_VERSION = com.apple.compilers.llvm.clang.1_0;
				CC = "/Applications/Xcode.app/Contents/Developer/Toolchains/XcodeDefault.xctoolchain/usr/bin/clang";
				LDPLUSPLUS = "/Applications/Xcode.app/Contents/Developer/Toolchains/XcodeDefault.xctoolchain/usr/bin/clang++";
				INFOPLIST_FILE = "Info.plist";
				SYMROOT = "/Users/digilent/git/digilent/digilent-agent";
				DYLIB_CURRENT_VERSION = "1.0.0";
				DYLIB_COMPATIBILITY_VERSION = "1.0";
				MACOSX_DEPLOYMENT_TARGET = "10.10";
				HEADER_SEARCH_PATHS = (
					".",
					"src/httpServer/core",
					"/usr/local/Cellar/qt/5.9.0_1/lib/QtWidgets.framework/Headers",
					"/usr/local/Cellar/qt/5.9.0_1/lib/QtGui.framework/Headers",
					"/usr/local/Cellar/qt/5.9.0_1/lib/QtNetwork.framework/Headers",
					"/usr/local/Cellar/qt/5.9.0_1/lib/QtSerialPort.framework/Headers",
					"/usr/local/Cellar/qt/5.9.0_1/lib/QtConcurrent.framework/Headers",
					"/usr/local/Cellar/qt/5.9.0_1/lib/QtCore.framework/Headers",
					".",
					"/Applications/Xcode.app/Contents/Developer/Platforms/MacOSX.platform/Developer/SDKs/MacOSX10.12.sdk/System/Library/Frameworks/OpenGL.framework/Headers",
					"/Applications/Xcode.app/Contents/Developer/Platforms/MacOSX.platform/Developer/SDKs/MacOSX10.12.sdk/System/Library/Frameworks/AGL.framework/Headers",
					".",
					"/usr/local/Cellar/qt/5.9.0_1/mkspecs/macx-clang");
				LIBRARY_SEARCH_PATHS = (
					"/usr/local/Cellar/qt/5.9.0_1/lib",
					"/System/Library/Frameworks/");
				FRAMEWORK_SEARCH_PATHS = (
					"/usr/local/Cellar/qt/5.9.0_1/lib",
					"/usr/local/Cellar/qt/5.9.0_1/lib");
				OTHER_CFLAGS = (
					"-pipe",
					"-O2",
					"-Wall",
					"-W",
					"-fPIC",
					"-DQT_NO_DEBUG",
					"-DQT_WIDGETS_LIB",
					"-DQT_GUI_LIB",
					"-DQT_NETWORK_LIB",
					"-DQT_SERIALPORT_LIB",
					"-DQT_CONCURRENT_LIB",
					"-DQT_CORE_LIB");
				OTHER_CPLUSPLUSFLAGS = (
					"-pipe",
					"-stdlib=libc++",
					"-O2",
					"-std=gnu++11",
					"-Wall",
					"-W",
					"-fPIC",
					"-DQT_NO_DEBUG",
					"-DQT_WIDGETS_LIB",
					"-DQT_GUI_LIB",
					"-DQT_NETWORK_LIB",
					"-DQT_SERIALPORT_LIB",
					"-DQT_CONCURRENT_LIB",
					"-DQT_CORE_LIB");
				OTHER_LDFLAGS = (
						"-stdlib=libc++",
						"-headerpad_max_install_names",
						"-Wl,-rpath,@executable_path/Frameworks",
						"-F/usr/local/Cellar/qt/5.9.0_1/lib");
				ARCHS = "x86_64";
			};
			name = "Release";
		};
		6666AA5E688052234F6758D8 = {
			isa = XCBuildConfiguration;
			buildSettings = {
				APPLICATION_EXTENSION_API_ONLY = "NO";
				"ARCHS[sdk=macosx*]" = "x86_64";
				COPY_PHASE_STRIP = "YES";
				DEVELOPMENT_TEAM = "3GQCL4AKGN";
				ENABLE_BITCODE = "NO";
				GCC_GENERATE_DEBUGGING_SYMBOLS = "NO";
				PRODUCT_NAME = "digilent-agent";
				QT_LIBRARY_SUFFIX = "";
				SDKROOT = "macosx";
				PRODUCT_NAME = "digilent-agent";
			};
			name = "Release";
		};
		DAC4C1AA5EDEA1C85E9CA5E6 = {
			isa = XCConfigurationList;
			buildConfigurations = (
				"3AA6C32AC930069E80220CF1",
				"339EE1B2CC4FC24589A0EA95");
			defaultConfigurationIsVisible = 0;
			defaultConfigurationName = "Release";
		};
		6CC3B5D2136C7CD6A5CF5A59 = {
			isa = XCConfigurationList;
			buildConfigurations = (
				"77418F46922677BB04ED38DD",
				"6666AA5E688052234F6758D8");
			defaultConfigurationIsVisible = 0;
			defaultConfigurationName = "Release";
		};
		6DB9C3763D02B1415CD9D565 = {
			hasScannedForEncodings = 1;
			compatibilityVersion = "Xcode 3.2";
			isa = PBXProject;
			mainGroup = "E8C543AB96796ECAA2E65C57";
			productRefGroup = "FE0A091FDBFB3E9C31B7A1BD";
			buildConfigurationList = "DAC4C1AA5EDEA1C85E9CA5E6";
			projectDirPath = "";
			projectRoot = "";
			targets = (
				"88C8743FF51F6CBF4293B8C1",
				"E8EB20CA39C16F7BA878E277");
			attributes = {
				TargetAttributes = {
				};
			};
		};
	};
	rootObject = "6DB9C3763D02B1415CD9D565";
}
